
Microsoft Visual Studio Solution File, Format Version 12.00
# Visual Studio Version 17
VisualStudioVersion = 17.0.31903.59
MinimumVisualStudioVersion = 10.0.40219.1
Project("{2150E333-8FDC-42A3-9474-1A3956D46DE8}") = "Domain", "Domain", "{8C610811-9D26-4416-98DE-36A200299892}"
EndProject
Project("{FAE04EC0-301F-11D3-BF4B-00C04F79EFBC}") = "Zvent.Server.Domain", "Zvent.Server.Domain\Zvent.Server.Domain.csproj", "{A9FF63FE-5DE5-4BB2-AB4F-140CA2F75DC9}"
EndProject
Project("{2150E333-8FDC-42A3-9474-1A3956D46DE8}") = "Api", "Api", "{DFF4A67D-E52A-413E-8B10-D3ECF1C1D73D}"
EndProject
Project("{FAE04EC0-301F-11D3-BF4B-00C04F79EFBC}") = "Zvent.Server.WebApi", "Zvent.Server.WebApi\Zvent.Server.WebApi.csproj", "{2D7CAF43-4FA4-433A-A5B1-60844C7679C3}"
EndProject
Project("{2150E333-8FDC-42A3-9474-1A3956D46DE8}") = "Infrastructure", "Infrastructure", "{443ECCD4-5578-4268-AA85-3FF78C6D20CD}"
EndProject
Project("{FAE04EC0-301F-11D3-BF4B-00C04F79EFBC}") = "Zvent.Server.Infrastructure", "Zvent.Server.Infrastructure\Zvent.Server.Infrastructure.csproj", "{F48E8F4B-3FC3-45EA-AA3D-234DCA8DA472}"
EndProject
Project("{2150E333-8FDC-42A3-9474-1A3956D46DE8}") = "Usecase", "Usecase", "{BE40ABF2-2AB4-4179-8FD9-0B4BA94C7F3B}"
EndProject
Project("{FAE04EC0-301F-11D3-BF4B-00C04F79EFBC}") = "Zvent.Server.Usecase", "Zvent.Server.Usecase\Zvent.Server.Usecase.csproj", "{0E72C375-93A8-438F-874D-D48A50BF6A04}"
EndProject
Global
	GlobalSection(SolutionConfigurationPlatforms) = preSolution
		Debug|Any CPU = Debug|Any CPU
		Release|Any CPU = Release|Any CPU
	EndGlobalSection
	GlobalSection(SolutionProperties) = preSolution
		HideSolutionNode = FALSE
	EndGlobalSection
	GlobalSection(ProjectConfigurationPlatforms) = postSolution
		{A9FF63FE-5DE5-4BB2-AB4F-140CA2F75DC9}.Debug|Any CPU.ActiveCfg = Debug|Any CPU
		{A9FF63FE-5DE5-4BB2-AB4F-140CA2F75DC9}.Debug|Any CPU.Build.0 = Debug|Any CPU
		{A9FF63FE-5DE5-4BB2-AB4F-140CA2F75DC9}.Release|Any CPU.ActiveCfg = Release|Any CPU
		{A9FF63FE-5DE5-4BB2-AB4F-140CA2F75DC9}.Release|Any CPU.Build.0 = Release|Any CPU
		{2D7CAF43-4FA4-433A-A5B1-60844C7679C3}.Debug|Any CPU.ActiveCfg = Debug|Any CPU
		{2D7CAF43-4FA4-433A-A5B1-60844C7679C3}.Debug|Any CPU.Build.0 = Debug|Any CPU
		{2D7CAF43-4FA4-433A-A5B1-60844C7679C3}.Release|Any CPU.ActiveCfg = Release|Any CPU
		{2D7CAF43-4FA4-433A-A5B1-60844C7679C3}.Release|Any CPU.Build.0 = Release|Any CPU
		{F48E8F4B-3FC3-45EA-AA3D-234DCA8DA472}.Debug|Any CPU.ActiveCfg = Debug|Any CPU
		{F48E8F4B-3FC3-45EA-AA3D-234DCA8DA472}.Debug|Any CPU.Build.0 = Debug|Any CPU
		{F48E8F4B-3FC3-45EA-AA3D-234DCA8DA472}.Release|Any CPU.ActiveCfg = Release|Any CPU
		{F48E8F4B-3FC3-45EA-AA3D-234DCA8DA472}.Release|Any CPU.Build.0 = Release|Any CPU
		{0E72C375-93A8-438F-874D-D48A50BF6A04}.Debug|Any CPU.ActiveCfg = Debug|Any CPU
		{0E72C375-93A8-438F-874D-D48A50BF6A04}.Debug|Any CPU.Build.0 = Debug|Any CPU
		{0E72C375-93A8-438F-874D-D48A50BF6A04}.Release|Any CPU.ActiveCfg = Release|Any CPU
		{0E72C375-93A8-438F-874D-D48A50BF6A04}.Release|Any CPU.Build.0 = Release|Any CPU
	EndGlobalSection
	GlobalSection(NestedProjects) = preSolution
		{A9FF63FE-5DE5-4BB2-AB4F-140CA2F75DC9} = {8C610811-9D26-4416-98DE-36A200299892}
		{2D7CAF43-4FA4-433A-A5B1-60844C7679C3} = {DFF4A67D-E52A-413E-8B10-D3ECF1C1D73D}
		{F48E8F4B-3FC3-45EA-AA3D-234DCA8DA472} = {443ECCD4-5578-4268-AA85-3FF78C6D20CD}
		{0E72C375-93A8-438F-874D-D48A50BF6A04} = {BE40ABF2-2AB4-4179-8FD9-0B4BA94C7F3B}
	EndGlobalSection
EndGlobal
